
Microsoft Visual Studio Solution File, Format Version 12.00
# Visual Studio Version 16
VisualStudioVersion = 16.0.32228.343
MinimumVisualStudioVersion = 10.0.40219.1
Project("{9A19103F-16F7-4668-BE54-9A1E7A4F7556}") = "Opdracht1", "Opdracht1\Opdracht1.csproj", "{C612EA23-6F4C-46A3-8889-31C3B2E18CE6}"
EndProject
Project("{FAE04EC0-301F-11D3-BF4B-00C04F79EFBC}") = "Opdracht2", "Opdracht2\Opdracht2.csproj", "{4E7F4D6A-D478-4A41-9159-2FFD139155B1}"
EndProject
Global
	GlobalSection(SolutionConfigurationPlatforms) = preSolution
		Debug|Any CPU = Debug|Any CPU
		Release|Any CPU = Release|Any CPU
	EndGlobalSection
	GlobalSection(ProjectConfigurationPlatforms) = postSolution
		{C612EA23-6F4C-46A3-8889-31C3B2E18CE6}.Debug|Any CPU.ActiveCfg = Debug|Any CPU
		{C612EA23-6F4C-46A3-8889-31C3B2E18CE6}.Debug|Any CPU.Build.0 = Debug|Any CPU
		{C612EA23-6F4C-46A3-8889-31C3B2E18CE6}.Release|Any CPU.ActiveCfg = Release|Any CPU
		{C612EA23-6F4C-46A3-8889-31C3B2E18CE6}.Release|Any CPU.Build.0 = Release|Any CPU
		{4E7F4D6A-D478-4A41-9159-2FFD139155B1}.Debug|Any CPU.ActiveCfg = Debug|Any CPU
		{4E7F4D6A-D478-4A41-9159-2FFD139155B1}.Debug|Any CPU.Build.0 = Debug|Any CPU
		{4E7F4D6A-D478-4A41-9159-2FFD139155B1}.Release|Any CPU.ActiveCfg = Release|Any CPU
		{4E7F4D6A-D478-4A41-9159-2FFD139155B1}.Release|Any CPU.Build.0 = Release|Any CPU
	EndGlobalSection
	GlobalSection(SolutionProperties) = preSolution
		HideSolutionNode = FALSE
	EndGlobalSection
	GlobalSection(ExtensibilityGlobals) = postSolution
		SolutionGuid = {3B87E077-2B8E-48B1-ADA8-19E568F846A8}
	EndGlobalSection
EndGlobal
